// !$*UTF8*$!
{
	archiveVersion = 1;
	classes = {
	};
	objectVersion = 46;
	objects = {

/* Begin PBXBuildFile section */
		439E23F4456A586220A73E35 /* libPods.a in Frameworks */ = {isa = PBXBuildFile; fileRef = 0767FC863545E0A590FC4075 /* libPods.a */; };
		D42BBA1A1CBA716D008D1F6C /* main.m in Sources */ = {isa = PBXBuildFile; fileRef = D42BBA191CBA716D008D1F6C /* main.m */; };
		D42BBA1D1CBA716D008D1F6C /* AppDelegate.m in Sources */ = {isa = PBXBuildFile; fileRef = D42BBA1C1CBA716D008D1F6C /* AppDelegate.m */; };
		D42BBA201CBA716D008D1F6C /* ViewController.m in Sources */ = {isa = PBXBuildFile; fileRef = D42BBA1F1CBA716D008D1F6C /* ViewController.m */; };
		D42BBA231CBA716D008D1F6C /* Main.storyboard in Resources */ = {isa = PBXBuildFile; fileRef = D42BBA211CBA716D008D1F6C /* Main.storyboard */; };
		D42BBA261CBA716D008D1F6C /* KJStrudy.xcdatamodeld in Sources */ = {isa = PBXBuildFile; fileRef = D42BBA241CBA716D008D1F6C /* KJStrudy.xcdatamodeld */; };
		D42BBA281CBA716D008D1F6C /* Assets.xcassets in Resources */ = {isa = PBXBuildFile; fileRef = D42BBA271CBA716D008D1F6C /* Assets.xcassets */; };
		D42BBA2B1CBA716D008D1F6C /* LaunchScreen.storyboard in Resources */ = {isa = PBXBuildFile; fileRef = D42BBA291CBA716D008D1F6C /* LaunchScreen.storyboard */; };
		D42BBA361CBA716D008D1F6C /* KJStrudyTests.m in Sources */ = {isa = PBXBuildFile; fileRef = D42BBA351CBA716D008D1F6C /* KJStrudyTests.m */; };
		D42BBA411CBA716D008D1F6C /* KJStrudyUITests.m in Sources */ = {isa = PBXBuildFile; fileRef = D42BBA401CBA716D008D1F6C /* KJStrudyUITests.m */; };
		D45D8E391CD8BA7A005A29FE /* Photos.framework in Frameworks */ = {isa = PBXBuildFile; fileRef = D45D8E381CD8BA7A005A29FE /* Photos.framework */; };
		D45D8E3C1CD8FAC2005A29FE /* CollectionFullViewController.m in Sources */ = {isa = PBXBuildFile; fileRef = D45D8E3B1CD8FAC2005A29FE /* CollectionFullViewController.m */; };
		D469546F1CD5F030002AC428 /* CollectionStoryboard.storyboard in Resources */ = {isa = PBXBuildFile; fileRef = D469546E1CD5F030002AC428 /* CollectionStoryboard.storyboard */; };
		D46954721CD635AD002AC428 /* CollectionViewController.m in Sources */ = {isa = PBXBuildFile; fileRef = D46954711CD635AD002AC428 /* CollectionViewController.m */; };
		D46954751CD635C7002AC428 /* MyCollectionViewCell.m in Sources */ = {isa = PBXBuildFile; fileRef = D46954741CD635C7002AC428 /* MyCollectionViewCell.m */; };
		D46954781CD6FA09002AC428 /* QuartzCore.framework in Frameworks */ = {isa = PBXBuildFile; fileRef = D46954771CD6FA09002AC428 /* QuartzCore.framework */; };
		D46B059E1DC2587B00693230 /* SessionTest.storyboard in Resources */ = {isa = PBXBuildFile; fileRef = D46B059D1DC2587B00693230 /* SessionTest.storyboard */; };
		D46B05A31DC25D3E00693230 /* STViewController.m in Sources */ = {isa = PBXBuildFile; fileRef = D46B05A21DC25D3E00693230 /* STViewController.m */; };
		D4831A3A1CE0DA77005A5E2E /* ActivityTestStoryboard.storyboard in Resources */ = {isa = PBXBuildFile; fileRef = D4831A391CE0DA77005A5E2E /* ActivityTestStoryboard.storyboard */; };
		D4831A3D1CE0E64B005A5E2E /* ACViewController.m in Sources */ = {isa = PBXBuildFile; fileRef = D4831A3C1CE0E64B005A5E2E /* ACViewController.m */; };
		D4831A401CE0F5BC005A5E2E /* MobileCoreServices.framework in Frameworks */ = {isa = PBXBuildFile; fileRef = D4831A3F1CE0F5BC005A5E2E /* MobileCoreServices.framework */; };
		D4E6CB061D0E9AD000BEEACA /* AVKit.framework in Frameworks */ = {isa = PBXBuildFile; fileRef = D4E6CB051D0E9AD000BEEACA /* AVKit.framework */; };
		D4EFCB1E1CCF44FA00D9F726 /* LeftViewController.m in Sources */ = {isa = PBXBuildFile; fileRef = D4EFCB1D1CCF44FA00D9F726 /* LeftViewController.m */; };
		D4EFCB211CCF499A00D9F726 /* LeftViewCell.m in Sources */ = {isa = PBXBuildFile; fileRef = D4EFCB201CCF499A00D9F726 /* LeftViewCell.m */; };
/* End PBXBuildFile section */

/* Begin PBXContainerItemProxy section */
		D42BBA321CBA716D008D1F6C /* PBXContainerItemProxy */ = {
			isa = PBXContainerItemProxy;
			containerPortal = D42BBA0D1CBA716D008D1F6C /* Project object */;
			proxyType = 1;
			remoteGlobalIDString = D42BBA141CBA716D008D1F6C;
			remoteInfo = KJStrudy;
		};
		D42BBA3D1CBA716D008D1F6C /* PBXContainerItemProxy */ = {
			isa = PBXContainerItemProxy;
			containerPortal = D42BBA0D1CBA716D008D1F6C /* Project object */;
			proxyType = 1;
			remoteGlobalIDString = D42BBA141CBA716D008D1F6C;
			remoteInfo = KJStrudy;
		};
/* End PBXContainerItemProxy section */

/* Begin PBXFileReference section */
		0767FC863545E0A590FC4075 /* libPods.a */ = {isa = PBXFileReference; explicitFileType = archive.ar; includeInIndex = 0; path = libPods.a; sourceTree = BUILT_PRODUCTS_DIR; };
		1C9FEA6DE0073ACC05DBD4F6 /* Pods.release.xcconfig */ = {isa = PBXFileReference; includeInIndex = 1; lastKnownFileType = text.xcconfig; name = Pods.release.xcconfig; path = "Pods/Target Support Files/Pods/Pods.release.xcconfig"; sourceTree = "<group>"; };
		D42BBA151CBA716D008D1F6C /* KJStrudy.app */ = {isa = PBXFileReference; explicitFileType = wrapper.application; includeInIndex = 0; path = KJStrudy.app; sourceTree = BUILT_PRODUCTS_DIR; };
		D42BBA191CBA716D008D1F6C /* main.m */ = {isa = PBXFileReference; lastKnownFileType = sourcecode.c.objc; path = main.m; sourceTree = "<group>"; };
		D42BBA1B1CBA716D008D1F6C /* AppDelegate.h */ = {isa = PBXFileReference; lastKnownFileType = sourcecode.c.h; path = AppDelegate.h; sourceTree = "<group>"; };
		D42BBA1C1CBA716D008D1F6C /* AppDelegate.m */ = {isa = PBXFileReference; lastKnownFileType = sourcecode.c.objc; path = AppDelegate.m; sourceTree = "<group>"; };
		D42BBA1E1CBA716D008D1F6C /* ViewController.h */ = {isa = PBXFileReference; lastKnownFileType = sourcecode.c.h; path = ViewController.h; sourceTree = "<group>"; };
		D42BBA1F1CBA716D008D1F6C /* ViewController.m */ = {isa = PBXFileReference; lastKnownFileType = sourcecode.c.objc; path = ViewController.m; sourceTree = "<group>"; };
		D42BBA221CBA716D008D1F6C /* Base */ = {isa = PBXFileReference; lastKnownFileType = file.storyboard; name = Base; path = Base.lproj/Main.storyboard; sourceTree = "<group>"; };
		D42BBA251CBA716D008D1F6C /* KJStrudy.xcdatamodel */ = {isa = PBXFileReference; lastKnownFileType = wrapper.xcdatamodel; path = KJStrudy.xcdatamodel; sourceTree = "<group>"; };
		D42BBA271CBA716D008D1F6C /* Assets.xcassets */ = {isa = PBXFileReference; lastKnownFileType = folder.assetcatalog; path = Assets.xcassets; sourceTree = "<group>"; };
		D42BBA2A1CBA716D008D1F6C /* Base */ = {isa = PBXFileReference; lastKnownFileType = file.storyboard; name = Base; path = Base.lproj/LaunchScreen.storyboard; sourceTree = "<group>"; };
		D42BBA2C1CBA716D008D1F6C /* Info.plist */ = {isa = PBXFileReference; lastKnownFileType = text.plist.xml; path = Info.plist; sourceTree = "<group>"; };
		D42BBA311CBA716D008D1F6C /* KJStrudyTests.xctest */ = {isa = PBXFileReference; explicitFileType = wrapper.cfbundle; includeInIndex = 0; path = KJStrudyTests.xctest; sourceTree = BUILT_PRODUCTS_DIR; };
		D42BBA351CBA716D008D1F6C /* KJStrudyTests.m */ = {isa = PBXFileReference; lastKnownFileType = sourcecode.c.objc; path = KJStrudyTests.m; sourceTree = "<group>"; };
		D42BBA371CBA716D008D1F6C /* Info.plist */ = {isa = PBXFileReference; lastKnownFileType = text.plist.xml; path = Info.plist; sourceTree = "<group>"; };
		D42BBA3C1CBA716D008D1F6C /* KJStrudyUITests.xctest */ = {isa = PBXFileReference; explicitFileType = wrapper.cfbundle; includeInIndex = 0; path = KJStrudyUITests.xctest; sourceTree = BUILT_PRODUCTS_DIR; };
		D42BBA401CBA716D008D1F6C /* KJStrudyUITests.m */ = {isa = PBXFileReference; lastKnownFileType = sourcecode.c.objc; path = KJStrudyUITests.m; sourceTree = "<group>"; };
		D42BBA421CBA716D008D1F6C /* Info.plist */ = {isa = PBXFileReference; lastKnownFileType = text.plist.xml; path = Info.plist; sourceTree = "<group>"; };
		D45D8E381CD8BA7A005A29FE /* Photos.framework */ = {isa = PBXFileReference; lastKnownFileType = wrapper.framework; name = Photos.framework; path = System/Library/Frameworks/Photos.framework; sourceTree = SDKROOT; };
		D45D8E3A1CD8FAC2005A29FE /* CollectionFullViewController.h */ = {isa = PBXFileReference; fileEncoding = 4; lastKnownFileType = sourcecode.c.h; path = CollectionFullViewController.h; sourceTree = "<group>"; };
		D45D8E3B1CD8FAC2005A29FE /* CollectionFullViewController.m */ = {isa = PBXFileReference; fileEncoding = 4; lastKnownFileType = sourcecode.c.objc; path = CollectionFullViewController.m; sourceTree = "<group>"; };
		D469546E1CD5F030002AC428 /* CollectionStoryboard.storyboard */ = {isa = PBXFileReference; fileEncoding = 4; lastKnownFileType = file.storyboard; path = CollectionStoryboard.storyboard; sourceTree = "<group>"; };
		D46954701CD635AD002AC428 /* CollectionViewController.h */ = {isa = PBXFileReference; fileEncoding = 4; lastKnownFileType = sourcecode.c.h; path = CollectionViewController.h; sourceTree = "<group>"; };
		D46954711CD635AD002AC428 /* CollectionViewController.m */ = {isa = PBXFileReference; fileEncoding = 4; lastKnownFileType = sourcecode.c.objc; path = CollectionViewController.m; sourceTree = "<group>"; };
		D46954731CD635C7002AC428 /* MyCollectionViewCell.h */ = {isa = PBXFileReference; fileEncoding = 4; lastKnownFileType = sourcecode.c.h; path = MyCollectionViewCell.h; sourceTree = "<group>"; };
		D46954741CD635C7002AC428 /* MyCollectionViewCell.m */ = {isa = PBXFileReference; fileEncoding = 4; lastKnownFileType = sourcecode.c.objc; path = MyCollectionViewCell.m; sourceTree = "<group>"; };
		D46954771CD6FA09002AC428 /* QuartzCore.framework */ = {isa = PBXFileReference; lastKnownFileType = wrapper.framework; name = QuartzCore.framework; path = System/Library/Frameworks/QuartzCore.framework; sourceTree = SDKROOT; };
		D46B059D1DC2587B00693230 /* SessionTest.storyboard */ = {isa = PBXFileReference; fileEncoding = 4; lastKnownFileType = file.storyboard; path = SessionTest.storyboard; sourceTree = "<group>"; };
		D46B05A11DC25D3E00693230 /* STViewController.h */ = {isa = PBXFileReference; fileEncoding = 4; lastKnownFileType = sourcecode.c.h; path = STViewController.h; sourceTree = "<group>"; };
		D46B05A21DC25D3E00693230 /* STViewController.m */ = {isa = PBXFileReference; fileEncoding = 4; lastKnownFileType = sourcecode.c.objc; path = STViewController.m; sourceTree = "<group>"; };
		D4831A391CE0DA77005A5E2E /* ActivityTestStoryboard.storyboard */ = {isa = PBXFileReference; fileEncoding = 4; lastKnownFileType = file.storyboard; path = ActivityTestStoryboard.storyboard; sourceTree = "<group>"; };
		D4831A3B1CE0E64B005A5E2E /* ACViewController.h */ = {isa = PBXFileReference; fileEncoding = 4; lastKnownFileType = sourcecode.c.h; path = ACViewController.h; sourceTree = "<group>"; };
		D4831A3C1CE0E64B005A5E2E /* ACViewController.m */ = {isa = PBXFileReference; fileEncoding = 4; lastKnownFileType = sourcecode.c.objc; path = ACViewController.m; sourceTree = "<group>"; };
		D4831A3F1CE0F5BC005A5E2E /* MobileCoreServices.framework */ = {isa = PBXFileReference; lastKnownFileType = wrapper.framework; name = MobileCoreServices.framework; path = System/Library/Frameworks/MobileCoreServices.framework; sourceTree = SDKROOT; };
		D4E6CB051D0E9AD000BEEACA /* AVKit.framework */ = {isa = PBXFileReference; lastKnownFileType = wrapper.framework; name = AVKit.framework; path = System/Library/Frameworks/AVKit.framework; sourceTree = SDKROOT; };
		D4EFCB1C1CCF44FA00D9F726 /* LeftViewController.h */ = {isa = PBXFileReference; fileEncoding = 4; lastKnownFileType = sourcecode.c.h; path = LeftViewController.h; sourceTree = "<group>"; };
		D4EFCB1D1CCF44FA00D9F726 /* LeftViewController.m */ = {isa = PBXFileReference; fileEncoding = 4; lastKnownFileType = sourcecode.c.objc; path = LeftViewController.m; sourceTree = "<group>"; };
		D4EFCB1F1CCF499A00D9F726 /* LeftViewCell.h */ = {isa = PBXFileReference; fileEncoding = 4; lastKnownFileType = sourcecode.c.h; path = LeftViewCell.h; sourceTree = "<group>"; };
		D4EFCB201CCF499A00D9F726 /* LeftViewCell.m */ = {isa = PBXFileReference; fileEncoding = 4; lastKnownFileType = sourcecode.c.objc; path = LeftViewCell.m; sourceTree = "<group>"; };
		D50EC74B480A3B5C0FF6F289 /* Pods.debug.xcconfig */ = {isa = PBXFileReference; includeInIndex = 1; lastKnownFileType = text.xcconfig; name = Pods.debug.xcconfig; path = "Pods/Target Support Files/Pods/Pods.debug.xcconfig"; sourceTree = "<group>"; };
/* End PBXFileReference section */

/* Begin PBXFrameworksBuildPhase section */
		D42BBA121CBA716D008D1F6C /* Frameworks */ = {
			isa = PBXFrameworksBuildPhase;
			buildActionMask = 2147483647;
			files = (
				D4E6CB061D0E9AD000BEEACA /* AVKit.framework in Frameworks */,
				D4831A401CE0F5BC005A5E2E /* MobileCoreServices.framework in Frameworks */,
				D45D8E391CD8BA7A005A29FE /* Photos.framework in Frameworks */,
				D46954781CD6FA09002AC428 /* QuartzCore.framework in Frameworks */,
				439E23F4456A586220A73E35 /* libPods.a in Frameworks */,
			);
			runOnlyForDeploymentPostprocessing = 0;
		};
		D42BBA2E1CBA716D008D1F6C /* Frameworks */ = {
			isa = PBXFrameworksBuildPhase;
			buildActionMask = 2147483647;
			files = (
			);
			runOnlyForDeploymentPostprocessing = 0;
		};
		D42BBA391CBA716D008D1F6C /* Frameworks */ = {
			isa = PBXFrameworksBuildPhase;
			buildActionMask = 2147483647;
			files = (
			);
			runOnlyForDeploymentPostprocessing = 0;
		};
/* End PBXFrameworksBuildPhase section */

/* Begin PBXGroup section */
		23871AA06330DE0D0C64DD4A /* Frameworks */ = {
			isa = PBXGroup;
			children = (
				D4E6CB051D0E9AD000BEEACA /* AVKit.framework */,
				D4831A3F1CE0F5BC005A5E2E /* MobileCoreServices.framework */,
				D45D8E381CD8BA7A005A29FE /* Photos.framework */,
				D46954771CD6FA09002AC428 /* QuartzCore.framework */,
				0767FC863545E0A590FC4075 /* libPods.a */,
			);
			name = Frameworks;
			sourceTree = "<group>";
		};
		33E711B91AE32C5C1BC1618C /* Pods */ = {
			isa = PBXGroup;
			children = (
				D50EC74B480A3B5C0FF6F289 /* Pods.debug.xcconfig */,
				1C9FEA6DE0073ACC05DBD4F6 /* Pods.release.xcconfig */,
			);
			name = Pods;
			sourceTree = "<group>";
		};
		D42BBA0C1CBA716D008D1F6C = {
			isa = PBXGroup;
			children = (
				D42BBA171CBA716D008D1F6C /* KJStrudy */,
				D42BBA341CBA716D008D1F6C /* KJStrudyTests */,
				D42BBA3F1CBA716D008D1F6C /* KJStrudyUITests */,
				D42BBA161CBA716D008D1F6C /* Products */,
				33E711B91AE32C5C1BC1618C /* Pods */,
				23871AA06330DE0D0C64DD4A /* Frameworks */,
			);
			sourceTree = "<group>";
		};
		D42BBA161CBA716D008D1F6C /* Products */ = {
			isa = PBXGroup;
			children = (
				D42BBA151CBA716D008D1F6C /* KJStrudy.app */,
				D42BBA311CBA716D008D1F6C /* KJStrudyTests.xctest */,
				D42BBA3C1CBA716D008D1F6C /* KJStrudyUITests.xctest */,
			);
			name = Products;
			sourceTree = "<group>";
		};
		D42BBA171CBA716D008D1F6C /* KJStrudy */ = {
			isa = PBXGroup;
			children = (
				D42BBA211CBA716D008D1F6C /* Main.storyboard */,
				D42BBA1B1CBA716D008D1F6C /* AppDelegate.h */,
				D42BBA1C1CBA716D008D1F6C /* AppDelegate.m */,
				D46B059C1DC2582700693230 /* SessionTest */,
				D4831A3E1CE0EE0F005A5E2E /* ActiveTest */,
				D4EFCB1B1CCF155400D9F726 /* LGSideMenu */,
				D46954761CD63797002AC428 /* Collection */,
				D42BBA271CBA716D008D1F6C /* Assets.xcassets */,
				D42BBA291CBA716D008D1F6C /* LaunchScreen.storyboard */,
				D42BBA2C1CBA716D008D1F6C /* Info.plist */,
				D42BBA241CBA716D008D1F6C /* KJStrudy.xcdatamodeld */,
				D42BBA181CBA716D008D1F6C /* Supporting Files */,
			);
			path = KJStrudy;
			sourceTree = "<group>";
		};
		D42BBA181CBA716D008D1F6C /* Supporting Files */ = {
			isa = PBXGroup;
			children = (
				D42BBA191CBA716D008D1F6C /* main.m */,
			);
			name = "Supporting Files";
			sourceTree = "<group>";
		};
		D42BBA341CBA716D008D1F6C /* KJStrudyTests */ = {
			isa = PBXGroup;
			children = (
				D42BBA351CBA716D008D1F6C /* KJStrudyTests.m */,
				D42BBA371CBA716D008D1F6C /* Info.plist */,
			);
			path = KJStrudyTests;
			sourceTree = "<group>";
		};
		D42BBA3F1CBA716D008D1F6C /* KJStrudyUITests */ = {
			isa = PBXGroup;
			children = (
				D42BBA401CBA716D008D1F6C /* KJStrudyUITests.m */,
				D42BBA421CBA716D008D1F6C /* Info.plist */,
			);
			path = KJStrudyUITests;
			sourceTree = "<group>";
		};
		D46954761CD63797002AC428 /* Collection */ = {
			isa = PBXGroup;
			children = (
				D469546E1CD5F030002AC428 /* CollectionStoryboard.storyboard */,
				D46954701CD635AD002AC428 /* CollectionViewController.h */,
				D46954711CD635AD002AC428 /* CollectionViewController.m */,
				D46954731CD635C7002AC428 /* MyCollectionViewCell.h */,
				D46954741CD635C7002AC428 /* MyCollectionViewCell.m */,
				D45D8E3A1CD8FAC2005A29FE /* CollectionFullViewController.h */,
				D45D8E3B1CD8FAC2005A29FE /* CollectionFullViewController.m */,
			);
			name = Collection;
			sourceTree = "<group>";
		};
		D46B059C1DC2582700693230 /* SessionTest */ = {
			isa = PBXGroup;
			children = (
				D46B059D1DC2587B00693230 /* SessionTest.storyboard */,
				D46B05A11DC25D3E00693230 /* STViewController.h */,
				D46B05A21DC25D3E00693230 /* STViewController.m */,
			);
			name = SessionTest;
			sourceTree = "<group>";
		};
		D4831A3E1CE0EE0F005A5E2E /* ActiveTest */ = {
			isa = PBXGroup;
			children = (
				D4831A391CE0DA77005A5E2E /* ActivityTestStoryboard.storyboard */,
				D4831A3B1CE0E64B005A5E2E /* ACViewController.h */,
				D4831A3C1CE0E64B005A5E2E /* ACViewController.m */,
			);
			name = ActiveTest;
			sourceTree = "<group>";
		};
		D4EFCB1B1CCF155400D9F726 /* LGSideMenu */ = {
			isa = PBXGroup;
			children = (
				D4EFCB1C1CCF44FA00D9F726 /* LeftViewController.h */,
				D4EFCB1D1CCF44FA00D9F726 /* LeftViewController.m */,
				D4EFCB1F1CCF499A00D9F726 /* LeftViewCell.h */,
				D4EFCB201CCF499A00D9F726 /* LeftViewCell.m */,
				D42BBA1E1CBA716D008D1F6C /* ViewController.h */,
				D42BBA1F1CBA716D008D1F6C /* ViewController.m */,
			);
			name = LGSideMenu;
			sourceTree = "<group>";
		};
/* End PBXGroup section */

/* Begin PBXNativeTarget section */
		D42BBA141CBA716D008D1F6C /* KJStrudy */ = {
			isa = PBXNativeTarget;
			buildConfigurationList = D42BBA451CBA716D008D1F6C /* Build configuration list for PBXNativeTarget "KJStrudy" */;
			buildPhases = (
				15F3F365ECD71FFCB42A640D /* Check Pods Manifest.lock */,
				D42BBA111CBA716D008D1F6C /* Sources */,
				D42BBA121CBA716D008D1F6C /* Frameworks */,
				D42BBA131CBA716D008D1F6C /* Resources */,
				18A43AA4FB940A318166324A /* Embed Pods Frameworks */,
				39328AC696AFFCB30608112E /* Copy Pods Resources */,
			);
			buildRules = (
			);
			dependencies = (
			);
			name = KJStrudy;
			productName = KJStrudy;
			productReference = D42BBA151CBA716D008D1F6C /* KJStrudy.app */;
			productType = "com.apple.product-type.application";
		};
		D42BBA301CBA716D008D1F6C /* KJStrudyTests */ = {
			isa = PBXNativeTarget;
			buildConfigurationList = D42BBA481CBA716D008D1F6C /* Build configuration list for PBXNativeTarget "KJStrudyTests" */;
			buildPhases = (
				D42BBA2D1CBA716D008D1F6C /* Sources */,
				D42BBA2E1CBA716D008D1F6C /* Frameworks */,
				D42BBA2F1CBA716D008D1F6C /* Resources */,
			);
			buildRules = (
			);
			dependencies = (
				D42BBA331CBA716D008D1F6C /* PBXTargetDependency */,
			);
			name = KJStrudyTests;
			productName = KJStrudyTests;
			productReference = D42BBA311CBA716D008D1F6C /* KJStrudyTests.xctest */;
			productType = "com.apple.product-type.bundle.unit-test";
		};
		D42BBA3B1CBA716D008D1F6C /* KJStrudyUITests */ = {
			isa = PBXNativeTarget;
			buildConfigurationList = D42BBA4B1CBA716D008D1F6C /* Build configuration list for PBXNativeTarget "KJStrudyUITests" */;
			buildPhases = (
				D42BBA381CBA716D008D1F6C /* Sources */,
				D42BBA391CBA716D008D1F6C /* Frameworks */,
				D42BBA3A1CBA716D008D1F6C /* Resources */,
			);
			buildRules = (
			);
			dependencies = (
				D42BBA3E1CBA716D008D1F6C /* PBXTargetDependency */,
			);
			name = KJStrudyUITests;
			productName = KJStrudyUITests;
			productReference = D42BBA3C1CBA716D008D1F6C /* KJStrudyUITests.xctest */;
			productType = "com.apple.product-type.bundle.ui-testing";
		};
/* End PBXNativeTarget section */

/* Begin PBXProject section */
		D42BBA0D1CBA716D008D1F6C /* Project object */ = {
			isa = PBXProject;
			attributes = {
				LastUpgradeCheck = 0720;
				ORGANIZATIONNAME = "小島 佳幸";
				TargetAttributes = {
					D42BBA141CBA716D008D1F6C = {
						CreatedOnToolsVersion = 7.2;
						DevelopmentTeam = R8HUPBK3EX;
					};
					D42BBA301CBA716D008D1F6C = {
						CreatedOnToolsVersion = 7.2;
						TestTargetID = D42BBA141CBA716D008D1F6C;
					};
					D42BBA3B1CBA716D008D1F6C = {
						CreatedOnToolsVersion = 7.2;
						TestTargetID = D42BBA141CBA716D008D1F6C;
					};
				};
			};
			buildConfigurationList = D42BBA101CBA716D008D1F6C /* Build configuration list for PBXProject "KJStrudy" */;
			compatibilityVersion = "Xcode 3.2";
			developmentRegion = English;
			hasScannedForEncodings = 0;
			knownRegions = (
				en,
				Base,
			);
			mainGroup = D42BBA0C1CBA716D008D1F6C;
			productRefGroup = D42BBA161CBA716D008D1F6C /* Products */;
			projectDirPath = "";
			projectRoot = "";
			targets = (
				D42BBA141CBA716D008D1F6C /* KJStrudy */,
				D42BBA301CBA716D008D1F6C /* KJStrudyTests */,
				D42BBA3B1CBA716D008D1F6C /* KJStrudyUITests */,
			);
		};
/* End PBXProject section */

/* Begin PBXResourcesBuildPhase section */
		D42BBA131CBA716D008D1F6C /* Resources */ = {
			isa = PBXResourcesBuildPhase;
			buildActionMask = 2147483647;
			files = (
				D42BBA2B1CBA716D008D1F6C /* LaunchScreen.storyboard in Resources */,
				D46B059E1DC2587B00693230 /* SessionTest.storyboard in Resources */,
				D4831A3A1CE0DA77005A5E2E /* ActivityTestStoryboard.storyboard in Resources */,
				D42BBA281CBA716D008D1F6C /* Assets.xcassets in Resources */,
				D42BBA231CBA716D008D1F6C /* Main.storyboard in Resources */,
				D469546F1CD5F030002AC428 /* CollectionStoryboard.storyboard in Resources */,
			);
			runOnlyForDeploymentPostprocessing = 0;
		};
		D42BBA2F1CBA716D008D1F6C /* Resources */ = {
			isa = PBXResourcesBuildPhase;
			buildActionMask = 2147483647;
			files = (
			);
			runOnlyForDeploymentPostprocessing = 0;
		};
		D42BBA3A1CBA716D008D1F6C /* Resources */ = {
			isa = PBXResourcesBuildPhase;
			buildActionMask = 2147483647;
			files = (
			);
			runOnlyForDeploymentPostprocessing = 0;
		};
/* End PBXResourcesBuildPhase section */

/* Begin PBXShellScriptBuildPhase section */
		15F3F365ECD71FFCB42A640D /* Check Pods Manifest.lock */ = {
			isa = PBXShellScriptBuildPhase;
			buildActionMask = 2147483647;
			files = (
			);
			inputPaths = (
			);
			name = "Check Pods Manifest.lock";
			outputPaths = (
			);
			runOnlyForDeploymentPostprocessing = 0;
			shellPath = /bin/sh;
			shellScript = "diff \"${PODS_ROOT}/../Podfile.lock\" \"${PODS_ROOT}/Manifest.lock\" > /dev/null\nif [[ $? != 0 ]] ; then\n    cat << EOM\nerror: The sandbox is not in sync with the Podfile.lock. Run 'pod install' or update your CocoaPods installation.\nEOM\n    exit 1\nfi\n";
			showEnvVarsInLog = 0;
		};
		18A43AA4FB940A318166324A /* Embed Pods Frameworks */ = {
			isa = PBXShellScriptBuildPhase;
			buildActionMask = 2147483647;
			files = (
			);
			inputPaths = (
			);
			name = "Embed Pods Frameworks";
			outputPaths = (
			);
			runOnlyForDeploymentPostprocessing = 0;
			shellPath = /bin/sh;
			shellScript = "\"${SRCROOT}/Pods/Target Support Files/Pods/Pods-frameworks.sh\"\n";
			showEnvVarsInLog = 0;
		};
		39328AC696AFFCB30608112E /* Copy Pods Resources */ = {
			isa = PBXShellScriptBuildPhase;
			buildActionMask = 2147483647;
			files = (
			);
			inputPaths = (
			);
			name = "Copy Pods Resources";
			outputPaths = (
			);
			runOnlyForDeploymentPostprocessing = 0;
			shellPath = /bin/sh;
			shellScript = "\"${SRCROOT}/Pods/Target Support Files/Pods/Pods-resources.sh\"\n";
			showEnvVarsInLog = 0;
		};
/* End PBXShellScriptBuildPhase section */

/* Begin PBXSourcesBuildPhase section */
		D42BBA111CBA716D008D1F6C /* Sources */ = {
			isa = PBXSourcesBuildPhase;
			buildActionMask = 2147483647;
			files = (
				D42BBA201CBA716D008D1F6C /* ViewController.m in Sources */,
				D46B05A31DC25D3E00693230 /* STViewController.m in Sources */,
				D46954721CD635AD002AC428 /* CollectionViewController.m in Sources */,
				D4EFCB211CCF499A00D9F726 /* LeftViewCell.m in Sources */,
				D45D8E3C1CD8FAC2005A29FE /* CollectionFullViewController.m in Sources */,
				D4831A3D1CE0E64B005A5E2E /* ACViewController.m in Sources */,
				D4EFCB1E1CCF44FA00D9F726 /* LeftViewController.m in Sources */,
				D42BBA261CBA716D008D1F6C /* KJStrudy.xcdatamodeld in Sources */,
				D42BBA1D1CBA716D008D1F6C /* AppDelegate.m in Sources */,
				D46954751CD635C7002AC428 /* MyCollectionViewCell.m in Sources */,
				D42BBA1A1CBA716D008D1F6C /* main.m in Sources */,
			);
			runOnlyForDeploymentPostprocessing = 0;
		};
		D42BBA2D1CBA716D008D1F6C /* Sources */ = {
			isa = PBXSourcesBuildPhase;
			buildActionMask = 2147483647;
			files = (
				D42BBA361CBA716D008D1F6C /* KJStrudyTests.m in Sources */,
			);
			runOnlyForDeploymentPostprocessing = 0;
		};
		D42BBA381CBA716D008D1F6C /* Sources */ = {
			isa = PBXSourcesBuildPhase;
			buildActionMask = 2147483647;
			files = (
				D42BBA411CBA716D008D1F6C /* KJStrudyUITests.m in Sources */,
			);
			runOnlyForDeploymentPostprocessing = 0;
		};
/* End PBXSourcesBuildPhase section */

/* Begin PBXTargetDependency section */
		D42BBA331CBA716D008D1F6C /* PBXTargetDependency */ = {
			isa = PBXTargetDependency;
			target = D42BBA141CBA716D008D1F6C /* KJStrudy */;
			targetProxy = D42BBA321CBA716D008D1F6C /* PBXContainerItemProxy */;
		};
		D42BBA3E1CBA716D008D1F6C /* PBXTargetDependency */ = {
			isa = PBXTargetDependency;
			target = D42BBA141CBA716D008D1F6C /* KJStrudy */;
			targetProxy = D42BBA3D1CBA716D008D1F6C /* PBXContainerItemProxy */;
		};
/* End PBXTargetDependency section */

/* Begin PBXVariantGroup section */
		D42BBA211CBA716D008D1F6C /* Main.storyboard */ = {
			isa = PBXVariantGroup;
			children = (
				D42BBA221CBA716D008D1F6C /* Base */,
			);
			name = Main.storyboard;
			sourceTree = "<group>";
		};
		D42BBA291CBA716D008D1F6C /* LaunchScreen.storyboard */ = {
			isa = PBXVariantGroup;
			children = (
				D42BBA2A1CBA716D008D1F6C /* Base */,
			);
			name = LaunchScreen.storyboard;
			sourceTree = "<group>";
		};
/* End PBXVariantGroup section */

/* Begin XCBuildConfiguration section */
		D42BBA431CBA716D008D1F6C /* Debug */ = {
			isa = XCBuildConfiguration;
			buildSettings = {
				ALWAYS_SEARCH_USER_PATHS = NO;
				CLANG_CXX_LANGUAGE_STANDARD = "gnu++0x";
				CLANG_CXX_LIBRARY = "libc++";
				CLANG_ENABLE_MODULES = YES;
				CLANG_ENABLE_OBJC_ARC = YES;
				CLANG_WARN_BOOL_CONVERSION = YES;
				CLANG_WARN_CONSTANT_CONVERSION = YES;
				CLANG_WARN_DIRECT_OBJC_ISA_USAGE = YES_ERROR;
				CLANG_WARN_EMPTY_BODY = YES;
				CLANG_WARN_ENUM_CONVERSION = YES;
				CLANG_WARN_INT_CONVERSION = YES;
				CLANG_WARN_OBJC_ROOT_CLASS = YES_ERROR;
				CLANG_WARN_UNREACHABLE_CODE = YES;
				CLANG_WARN__DUPLICATE_METHOD_MATCH = YES;
				"CODE_SIGN_IDENTITY[sdk=iphoneos*]" = "iPhone Developer";
				COPY_PHASE_STRIP = NO;
				DEBUG_INFORMATION_FORMAT = dwarf;
				ENABLE_STRICT_OBJC_MSGSEND = YES;
				ENABLE_TESTABILITY = YES;
				GCC_C_LANGUAGE_STANDARD = gnu99;
				GCC_DYNAMIC_NO_PIC = NO;
				GCC_NO_COMMON_BLOCKS = YES;
				GCC_OPTIMIZATION_LEVEL = 0;
				GCC_PREPROCESSOR_DEFINITIONS = (
					"DEBUG=1",
					"$(inherited)",
				);
				GCC_WARN_64_TO_32_BIT_CONVERSION = YES;
				GCC_WARN_ABOUT_RETURN_TYPE = YES_ERROR;
				GCC_WARN_UNDECLARED_SELECTOR = YES;
				GCC_WARN_UNINITIALIZED_AUTOS = YES_AGGRESSIVE;
				GCC_WARN_UNUSED_FUNCTION = YES;
				GCC_WARN_UNUSED_VARIABLE = YES;
				IPHONEOS_DEPLOYMENT_TARGET = 9.2;
				MTL_ENABLE_DEBUG_INFO = YES;
				ONLY_ACTIVE_ARCH = YES;
				SDKROOT = iphoneos;
			};
			name = Debug;
		};
		D42BBA441CBA716D008D1F6C /* Release */ = {
			isa = XCBuildConfiguration;
			buildSettings = {
				ALWAYS_SEARCH_USER_PATHS = NO;
				CLANG_CXX_LANGUAGE_STANDARD = "gnu++0x";
				CLANG_CXX_LIBRARY = "libc++";
				CLANG_ENABLE_MODULES = YES;
				CLANG_ENABLE_OBJC_ARC = YES;
				CLANG_WARN_BOOL_CONVERSION = YES;
				CLANG_WARN_CONSTANT_CONVERSION = YES;
				CLANG_WARN_DIRECT_OBJC_ISA_USAGE = YES_ERROR;
				CLANG_WARN_EMPTY_BODY = YES;
				CLANG_WARN_ENUM_CONVERSION = YES;
				CLANG_WARN_INT_CONVERSION = YES;
				CLANG_WARN_OBJC_ROOT_CLASS = YES_ERROR;
				CLANG_WARN_UNREACHABLE_CODE = YES;
				CLANG_WARN__DUPLICATE_METHOD_MATCH = YES;
				"CODE_SIGN_IDENTITY[sdk=iphoneos*]" = "iPhone Developer";
				COPY_PHASE_STRIP = NO;
				DEBUG_INFORMATION_FORMAT = "dwarf-with-dsym";
				ENABLE_NS_ASSERTIONS = NO;
				ENABLE_STRICT_OBJC_MSGSEND = YES;
				GCC_C_LANGUAGE_STANDARD = gnu99;
				GCC_NO_COMMON_BLOCKS = YES;
				GCC_WARN_64_TO_32_BIT_CONVERSION = YES;
				GCC_WARN_ABOUT_RETURN_TYPE = YES_ERROR;
				GCC_WARN_UNDECLARED_SELECTOR = YES;
				GCC_WARN_UNINITIALIZED_AUTOS = YES_AGGRESSIVE;
				GCC_WARN_UNUSED_FUNCTION = YES;
				GCC_WARN_UNUSED_VARIABLE = YES;
				IPHONEOS_DEPLOYMENT_TARGET = 9.2;
				MTL_ENABLE_DEBUG_INFO = NO;
				SDKROOT = iphoneos;
				VALIDATE_PRODUCT = YES;
			};
			name = Release;
		};
		D42BBA461CBA716D008D1F6C /* Debug */ = {
			isa = XCBuildConfiguration;
			baseConfigurationReference = D50EC74B480A3B5C0FF6F289 /* Pods.debug.xcconfig */;
			buildSettings = {
				ASSETCATALOG_COMPILER_APPICON_NAME = AppIcon;
				CODE_SIGN_IDENTITY = "iPhone Developer";
				INFOPLIST_FILE = KJStrudy/Info.plist;
				IPHONEOS_DEPLOYMENT_TARGET = 8.0;
				LD_RUNPATH_SEARCH_PATHS = "$(inherited) @executable_path/Frameworks";
				PRODUCT_BUNDLE_IDENTIFIER = jp.co.mx5.canvas.KJStrudy;
				PRODUCT_NAME = "$(TARGET_NAME)";
			};
			name = Debug;
		};
		D42BBA471CBA716D008D1F6C /* Release */ = {
			isa = XCBuildConfiguration;
			baseConfigurationReference = 1C9FEA6DE0073ACC05DBD4F6 /* Pods.release.xcconfig */;
			buildSettings = {
				ASSETCATALOG_COMPILER_APPICON_NAME = AppIcon;
				CODE_SIGN_IDENTITY = "iPhone Developer";
				INFOPLIST_FILE = KJStrudy/Info.plist;
				IPHONEOS_DEPLOYMENT_TARGET = 8.0;
				LD_RUNPATH_SEARCH_PATHS = "$(inherited) @executable_path/Frameworks";
				PRODUCT_BUNDLE_IDENTIFIER = jp.co.mx5.canvas.KJStrudy;
				PRODUCT_NAME = "$(TARGET_NAME)";
			};
			name = Release;
		};
		D42BBA491CBA716D008D1F6C /* Debug */ = {
			isa = XCBuildConfiguration;
			buildSettings = {
				BUNDLE_LOADER = "$(TEST_HOST)";
				INFOPLIST_FILE = KJStrudyTests/Info.plist;
				LD_RUNPATH_SEARCH_PATHS = "$(inherited) @executable_path/Frameworks @loader_path/Frameworks";
				PRODUCT_BUNDLE_IDENTIFIER = jp.co.mx5.canvas.KJStrudyTests;
				PRODUCT_NAME = "$(TARGET_NAME)";
				TEST_HOST = "$(BUILT_PRODUCTS_DIR)/KJStrudy.app/KJStrudy";
			};
			name = Debug;
		};
		D42BBA4A1CBA716D008D1F6C /* Release */ = {
			isa = XCBuildConfiguration;
			buildSettings = {
				BUNDLE_LOADER = "$(TEST_HOST)";
				INFOPLIST_FILE = KJStrudyTests/Info.plist;
				LD_RUNPATH_SEARCH_PATHS = "$(inherited) @executable_path/Frameworks @loader_path/Frameworks";
				PRODUCT_BUNDLE_IDENTIFIER = jp.co.mx5.canvas.KJStrudyTests;
				PRODUCT_NAME = "$(TARGET_NAME)";
				TEST_HOST = "$(BUILT_PRODUCTS_DIR)/KJStrudy.app/KJStrudy";
			};
			name = Release;
		};
		D42BBA4C1CBA716D008D1F6C /* Debug */ = {
			isa = XCBuildConfiguration;
			buildSettings = {
				INFOPLIST_FILE = KJStrudyUITests/Info.plist;
				LD_RUNPATH_SEARCH_PATHS = "$(inherited) @executable_path/Frameworks @loader_path/Frameworks";
				PRODUCT_BUNDLE_IDENTIFIER = jp.co.mx5.canvas.KJStrudyUITests;
				PRODUCT_NAME = "$(TARGET_NAME)";
				TEST_TARGET_NAME = KJStrudy;
				USES_XCTRUNNER = YES;
			};
			name = Debug;
		};
		D42BBA4D1CBA716D008D1F6C /* Release */ = {
			isa = XCBuildConfiguration;
			buildSettings = {
				INFOPLIST_FILE = KJStrudyUITests/Info.plist;
				LD_RUNPATH_SEARCH_PATHS = "$(inherited) @executable_path/Frameworks @loader_path/Frameworks";
				PRODUCT_BUNDLE_IDENTIFIER = jp.co.mx5.canvas.KJStrudyUITests;
				PRODUCT_NAME = "$(TARGET_NAME)";
				TEST_TARGET_NAME = KJStrudy;
				USES_XCTRUNNER = YES;
			};
			name = Release;
		};
/* End XCBuildConfiguration section */

/* Begin XCConfigurationList section */
		D42BBA101CBA716D008D1F6C /* Build configuration list for PBXProject "KJStrudy" */ = {
			isa = XCConfigurationList;
			buildConfigurations = (
				D42BBA431CBA716D008D1F6C /* Debug */,
				D42BBA441CBA716D008D1F6C /* Release */,
			);
			defaultConfigurationIsVisible = 0;
			defaultConfigurationName = Release;
		};
		D42BBA451CBA716D008D1F6C /* Build configuration list for PBXNativeTarget "KJStrudy" */ = {
			isa = XCConfigurationList;
			buildConfigurations = (
				D42BBA461CBA716D008D1F6C /* Debug */,
				D42BBA471CBA716D008D1F6C /* Release */,
			);
			defaultConfigurationIsVisible = 0;
			defaultConfigurationName = Release;
		};
		D42BBA481CBA716D008D1F6C /* Build configuration list for PBXNativeTarget "KJStrudyTests" */ = {
			isa = XCConfigurationList;
			buildConfigurations = (
				D42BBA491CBA716D008D1F6C /* Debug */,
				D42BBA4A1CBA716D008D1F6C /* Release */,
			);
			defaultConfigurationIsVisible = 0;
			defaultConfigurationName = Release;
		};
		D42BBA4B1CBA716D008D1F6C /* Build configuration list for PBXNativeTarget "KJStrudyUITests" */ = {
			isa = XCConfigurationList;
			buildConfigurations = (
				D42BBA4C1CBA716D008D1F6C /* Debug */,
				D42BBA4D1CBA716D008D1F6C /* Release */,
			);
			defaultConfigurationIsVisible = 0;
			defaultConfigurationName = Release;
		};
/* End XCConfigurationList section */

/* Begin XCVersionGroup section */
		D42BBA241CBA716D008D1F6C /* KJStrudy.xcdatamodeld */ = {
			isa = XCVersionGroup;
			children = (
				D42BBA251CBA716D008D1F6C /* KJStrudy.xcdatamodel */,
			);
			currentVersion = D42BBA251CBA716D008D1F6C /* KJStrudy.xcdatamodel */;
			path = KJStrudy.xcdatamodeld;
			sourceTree = "<group>";
			versionGroupType = wrapper.xcdatamodel;
		};
/* End XCVersionGroup section */
	};
	rootObject = D42BBA0D1CBA716D008D1F6C /* Project object */;
}
